
Microsoft Visual Studio Solution File, Format Version 12.00
# Visual Studio Version 16
VisualStudioVersion = 16.0.31624.102
MinimumVisualStudioVersion = 10.0.40219.1
Project("{FAE04EC0-301F-11D3-BF4B-00C04F79EFBC}") = "Hi-Lo Game", "Hi-Lo Game\Hi-Lo Game.csproj", "{315BDBF6-FCB1-482B-A234-469F5EABB4D3}"
EndProject
Global
	GlobalSection(SolutionConfigurationPlatforms) = preSolution
		Debug|Any CPU = Debug|Any CPU
		Release|Any CPU = Release|Any CPU
	EndGlobalSection
	GlobalSection(ProjectConfigurationPlatforms) = postSolution
		{315BDBF6-FCB1-482B-A234-469F5EABB4D3}.Debug|Any CPU.ActiveCfg = Debug|Any CPU
		{315BDBF6-FCB1-482B-A234-469F5EABB4D3}.Debug|Any CPU.Build.0 = Debug|Any CPU
		{315BDBF6-FCB1-482B-A234-469F5EABB4D3}.Release|Any CPU.ActiveCfg = Release|Any CPU
		{315BDBF6-FCB1-482B-A234-469F5EABB4D3}.Release|Any CPU.Build.0 = Release|Any CPU
	EndGlobalSection
	GlobalSection(SolutionProperties) = preSolution
		HideSolutionNode = FALSE
	EndGlobalSection
	GlobalSection(ExtensibilityGlobals) = postSolution
		SolutionGuid = {DE86F88E-4818-43BB-8378-4234EE5ADDC8}
	EndGlobalSection
EndGlobal
